// !$*UTF8*$!
{
	archiveVersion = 1;
	classes = {
	};
	objectVersion = 56;
	objects = {

/* Begin PBXBuildFile section */
		F02398F829BD727800A0CC25 /* mtnmapApp.swift in Sources */ = {isa = PBXBuildFile; fileRef = F02398F729BD727800A0CC25 /* mtnmapApp.swift */; };
		F02398FA29BD727800A0CC25 /* ContentView.swift in Sources */ = {isa = PBXBuildFile; fileRef = F02398F929BD727800A0CC25 /* ContentView.swift */; };
		F02398FC29BD727900A0CC25 /* Assets.xcassets in Resources */ = {isa = PBXBuildFile; fileRef = F02398FB29BD727900A0CC25 /* Assets.xcassets */; };
		F02398FF29BD727900A0CC25 /* Preview Assets.xcassets in Resources */ = {isa = PBXBuildFile; fileRef = F02398FE29BD727900A0CC25 /* Preview Assets.xcassets */; };
		F023990929BD727900A0CC25 /* mtnmapTests.swift in Sources */ = {isa = PBXBuildFile; fileRef = F023990829BD727900A0CC25 /* mtnmapTests.swift */; };
		F023991329BD727900A0CC25 /* mtnmapUITests.swift in Sources */ = {isa = PBXBuildFile; fileRef = F023991229BD727900A0CC25 /* mtnmapUITests.swift */; };
		F023991529BD727900A0CC25 /* mtnmapUITestsLaunchTests.swift in Sources */ = {isa = PBXBuildFile; fileRef = F023991429BD727900A0CC25 /* mtnmapUITestsLaunchTests.swift */; };
		F04C5AF12A9521090010F3AE /* AltitudeView.swift in Sources */ = {isa = PBXBuildFile; fileRef = F04C5AF02A9521090010F3AE /* AltitudeView.swift */; };
		F04C5AF52A99466A0010F3AE /* LocationDelegate.swift in Sources */ = {isa = PBXBuildFile; fileRef = F04C5AF42A99466A0010F3AE /* LocationDelegate.swift */; };
		F0DF2DBA2AABB9D800D66ADD /* AltitudeWidgetIntent.intentdefinition in Sources */ = {isa = PBXBuildFile; fileRef = F0DF2DB92AABB9D800D66ADD /* AltitudeWidgetIntent.intentdefinition */; };
		F0DF2DBC2AAF7DEB00D66ADD /* AltitudeRangeView.swift in Sources */ = {isa = PBXBuildFile; fileRef = F0DF2DBB2AAF7DEB00D66ADD /* AltitudeRangeView.swift */; };
		F0DF2DBD2AAF7FB000D66ADD /* AltitudeRangeView.swift in Sources */ = {isa = PBXBuildFile; fileRef = F0DF2DBB2AAF7DEB00D66ADD /* AltitudeRangeView.swift */; };
		F0DF2DC02AAF842500D66ADD /* AltitudeRangeViewModel.swift in Sources */ = {isa = PBXBuildFile; fileRef = F0DF2DBF2AAF842500D66ADD /* AltitudeRangeViewModel.swift */; };
		F0DF2DC12AAF842500D66ADD /* AltitudeRangeViewModel.swift in Sources */ = {isa = PBXBuildFile; fileRef = F0DF2DBF2AAF842500D66ADD /* AltitudeRangeViewModel.swift */; };
		F0DF2DC52AC222AB00D66ADD /* AltitudeLockWidget.swift in Sources */ = {isa = PBXBuildFile; fileRef = F0DF2DC32AC222AB00D66ADD /* AltitudeLockWidget.swift */; };
		F0DF2DC82AC227B200D66ADD /* AltitudeGraphWidget.swift in Sources */ = {isa = PBXBuildFile; fileRef = F0DF2DC62AC227B200D66ADD /* AltitudeGraphWidget.swift */; };
		F0DF2DCA2AC2298D00D66ADD /* AltitudeLockWidgetProvider.swift in Sources */ = {isa = PBXBuildFile; fileRef = F0DF2DC92AC2298D00D66ADD /* AltitudeLockWidgetProvider.swift */; };
		F0DF2DCC2AC22BBE00D66ADD /* GPS.swift in Sources */ = {isa = PBXBuildFile; fileRef = F0DF2DCB2AC22BBE00D66ADD /* GPS.swift */; };
		F0DF2DCE2AC22CA500D66ADD /* AltitudeLockWidgetView.swift in Sources */ = {isa = PBXBuildFile; fileRef = F0DF2DCD2AC22CA500D66ADD /* AltitudeLockWidgetView.swift */; };
		F0DF2DD02AC22DB500D66ADD /* FormatStyle.swift in Sources */ = {isa = PBXBuildFile; fileRef = F0DF2DCF2AC22DB500D66ADD /* FormatStyle.swift */; };
		F0DF2DD22AC22F1400D66ADD /* Altimeter.swift in Sources */ = {isa = PBXBuildFile; fileRef = F0DF2DD12AC22F1400D66ADD /* Altimeter.swift */; };
		F0E2257B29D1F4710068D00E /* WidgetKit.framework in Frameworks */ = {isa = PBXBuildFile; fileRef = F0E2257A29D1F4710068D00E /* WidgetKit.framework */; };
		F0E2257D29D1F4710068D00E /* SwiftUI.framework in Frameworks */ = {isa = PBXBuildFile; fileRef = F0E2257C29D1F4710068D00E /* SwiftUI.framework */; };
		F0E2258029D1F4710068D00E /* WidgetBundle.swift in Sources */ = {isa = PBXBuildFile; fileRef = F0E2257F29D1F4710068D00E /* WidgetBundle.swift */; };
		F0E2258329D1F4730068D00E /* Assets.xcassets in Resources */ = {isa = PBXBuildFile; fileRef = F0E2258229D1F4730068D00E /* Assets.xcassets */; };
		F0E2258529D1F4730068D00E /* altitude.intentdefinition in Sources */ = {isa = PBXBuildFile; fileRef = F0E2258129D1F4710068D00E /* altitude.intentdefinition */; };
		F0E2258629D1F4730068D00E /* altitude.intentdefinition in Sources */ = {isa = PBXBuildFile; fileRef = F0E2258129D1F4710068D00E /* altitude.intentdefinition */; };
		F0E2258929D1F4730068D00E /* altitudeExtension.appex in Embed Foundation Extensions */ = {isa = PBXBuildFile; fileRef = F0E2257829D1F4710068D00E /* altitudeExtension.appex */; settings = {ATTRIBUTES = (RemoveHeadersOnCopy, ); }; };
		F0E740E72A9E94BC00AD2A72 /* AltitudeView.swift in Sources */ = {isa = PBXBuildFile; fileRef = F04C5AF02A9521090010F3AE /* AltitudeView.swift */; };
		F0E740E92A9FE63800AD2A72 /* AltitudeGraphProvider.swift in Sources */ = {isa = PBXBuildFile; fileRef = F0E740E82A9FE63800AD2A72 /* AltitudeGraphProvider.swift */; };
		F0E740EC2A9FE72B00AD2A72 /* AltitudeStepEntry.swift in Sources */ = {isa = PBXBuildFile; fileRef = F0E740EB2A9FE72B00AD2A72 /* AltitudeStepEntry.swift */; };
		F0E740ED2A9FE72B00AD2A72 /* AltitudeStepEntry.swift in Sources */ = {isa = PBXBuildFile; fileRef = F0E740EB2A9FE72B00AD2A72 /* AltitudeStepEntry.swift */; };
		F0E740F02AA0FAEC00AD2A72 /* StepGraphView.swift in Sources */ = {isa = PBXBuildFile; fileRef = F0E740EE2AA0FAEC00AD2A72 /* StepGraphView.swift */; };
		F0E740F12AA249C400AD2A72 /* LocationDelegate.swift in Sources */ = {isa = PBXBuildFile; fileRef = F04C5AF42A99466A0010F3AE /* LocationDelegate.swift */; };
		F0E740F82AA285A500AD2A72 /* StepGraphView.swift in Sources */ = {isa = PBXBuildFile; fileRef = F0E740EE2AA0FAEC00AD2A72 /* StepGraphView.swift */; };
		F0E740FB2AA7CBB300AD2A72 /* Util.swift in Sources */ = {isa = PBXBuildFile; fileRef = F0E740FA2AA7CBB300AD2A72 /* Util.swift */; };
		F0E741002AA8E2FE00AD2A72 /* MockData.swift in Sources */ = {isa = PBXBuildFile; fileRef = F0E740FF2AA8E2FE00AD2A72 /* MockData.swift */; };
		F0E741012AA8E3B000AD2A72 /* MockData.swift in Sources */ = {isa = PBXBuildFile; fileRef = F0E740FF2AA8E2FE00AD2A72 /* MockData.swift */; };
		F0E741022AA8E3C900AD2A72 /* Util.swift in Sources */ = {isa = PBXBuildFile; fileRef = F0E740FA2AA7CBB300AD2A72 /* Util.swift */; };
		F0E741032AAA389800AD2A72 /* Util.swift in Sources */ = {isa = PBXBuildFile; fileRef = F0E740FA2AA7CBB300AD2A72 /* Util.swift */; };
/* End PBXBuildFile section */

/* Begin PBXContainerItemProxy section */
		F023990529BD727900A0CC25 /* PBXContainerItemProxy */ = {
			isa = PBXContainerItemProxy;
			containerPortal = F02398EC29BD727800A0CC25 /* Project object */;
			proxyType = 1;
			remoteGlobalIDString = F02398F329BD727800A0CC25;
			remoteInfo = mtnmap;
		};
		F023990F29BD727900A0CC25 /* PBXContainerItemProxy */ = {
			isa = PBXContainerItemProxy;
			containerPortal = F02398EC29BD727800A0CC25 /* Project object */;
			proxyType = 1;
			remoteGlobalIDString = F02398F329BD727800A0CC25;
			remoteInfo = mtnmap;
		};
		F0E2258729D1F4730068D00E /* PBXContainerItemProxy */ = {
			isa = PBXContainerItemProxy;
			containerPortal = F02398EC29BD727800A0CC25 /* Project object */;
			proxyType = 1;
			remoteGlobalIDString = F0E2257729D1F4710068D00E;
			remoteInfo = altitudeExtension;
		};
/* End PBXContainerItemProxy section */

/* Begin PBXCopyFilesBuildPhase section */
		F0E2258A29D1F4730068D00E /* Embed Foundation Extensions */ = {
			isa = PBXCopyFilesBuildPhase;
			buildActionMask = 2147483647;
			dstPath = "";
			dstSubfolderSpec = 13;
			files = (
				F0E2258929D1F4730068D00E /* altitudeExtension.appex in Embed Foundation Extensions */,
			);
			name = "Embed Foundation Extensions";
			runOnlyForDeploymentPostprocessing = 0;
		};
/* End PBXCopyFilesBuildPhase section */

/* Begin PBXFileReference section */
		F02398F429BD727800A0CC25 /* mtnmap.app */ = {isa = PBXFileReference; explicitFileType = wrapper.application; includeInIndex = 0; path = mtnmap.app; sourceTree = BUILT_PRODUCTS_DIR; };
		F02398F729BD727800A0CC25 /* mtnmapApp.swift */ = {isa = PBXFileReference; lastKnownFileType = sourcecode.swift; path = mtnmapApp.swift; sourceTree = "<group>"; };
		F02398F929BD727800A0CC25 /* ContentView.swift */ = {isa = PBXFileReference; lastKnownFileType = sourcecode.swift; path = ContentView.swift; sourceTree = "<group>"; };
		F02398FB29BD727900A0CC25 /* Assets.xcassets */ = {isa = PBXFileReference; lastKnownFileType = folder.assetcatalog; path = Assets.xcassets; sourceTree = "<group>"; };
		F02398FE29BD727900A0CC25 /* Preview Assets.xcassets */ = {isa = PBXFileReference; lastKnownFileType = folder.assetcatalog; path = "Preview Assets.xcassets"; sourceTree = "<group>"; };
		F023990429BD727900A0CC25 /* mtnmapTests.xctest */ = {isa = PBXFileReference; explicitFileType = wrapper.cfbundle; includeInIndex = 0; path = mtnmapTests.xctest; sourceTree = BUILT_PRODUCTS_DIR; };
		F023990829BD727900A0CC25 /* mtnmapTests.swift */ = {isa = PBXFileReference; lastKnownFileType = sourcecode.swift; path = mtnmapTests.swift; sourceTree = "<group>"; };
		F023990E29BD727900A0CC25 /* mtnmapUITests.xctest */ = {isa = PBXFileReference; explicitFileType = wrapper.cfbundle; includeInIndex = 0; path = mtnmapUITests.xctest; sourceTree = BUILT_PRODUCTS_DIR; };
		F023991229BD727900A0CC25 /* mtnmapUITests.swift */ = {isa = PBXFileReference; lastKnownFileType = sourcecode.swift; path = mtnmapUITests.swift; sourceTree = "<group>"; };
		F023991429BD727900A0CC25 /* mtnmapUITestsLaunchTests.swift */ = {isa = PBXFileReference; lastKnownFileType = sourcecode.swift; path = mtnmapUITestsLaunchTests.swift; sourceTree = "<group>"; };
		F04C5AF02A9521090010F3AE /* AltitudeView.swift */ = {isa = PBXFileReference; lastKnownFileType = sourcecode.swift; path = AltitudeView.swift; sourceTree = "<group>"; };
		F04C5AF42A99466A0010F3AE /* LocationDelegate.swift */ = {isa = PBXFileReference; lastKnownFileType = sourcecode.swift; path = LocationDelegate.swift; sourceTree = "<group>"; };
		F04C5AF62A996C8A0010F3AE /* Info.plist */ = {isa = PBXFileReference; lastKnownFileType = text.plist; path = Info.plist; sourceTree = "<group>"; };
		F0DF2D992AABB96800D66ADD /* Intents.framework */ = {isa = PBXFileReference; lastKnownFileType = wrapper.framework; name = Intents.framework; path = System/Library/Frameworks/Intents.framework; sourceTree = SDKROOT; };
		F0DF2DA42AABB96800D66ADD /* IntentsUI.framework */ = {isa = PBXFileReference; lastKnownFileType = wrapper.framework; name = IntentsUI.framework; path = System/Library/Frameworks/IntentsUI.framework; sourceTree = SDKROOT; };
		F0DF2DB92AABB9D800D66ADD /* AltitudeWidgetIntent.intentdefinition */ = {isa = PBXFileReference; lastKnownFileType = file.intentdefinition; path = AltitudeWidgetIntent.intentdefinition; sourceTree = "<group>"; };
		F0DF2DBB2AAF7DEB00D66ADD /* AltitudeRangeView.swift */ = {isa = PBXFileReference; lastKnownFileType = sourcecode.swift; path = AltitudeRangeView.swift; sourceTree = "<group>"; };
		F0DF2DBF2AAF842500D66ADD /* AltitudeRangeViewModel.swift */ = {isa = PBXFileReference; lastKnownFileType = sourcecode.swift; path = AltitudeRangeViewModel.swift; sourceTree = "<group>"; };
		F0DF2DC32AC222AB00D66ADD /* AltitudeLockWidget.swift */ = {isa = PBXFileReference; lastKnownFileType = sourcecode.swift; path = AltitudeLockWidget.swift; sourceTree = "<group>"; };
		F0DF2DC62AC227B200D66ADD /* AltitudeGraphWidget.swift */ = {isa = PBXFileReference; lastKnownFileType = sourcecode.swift; path = AltitudeGraphWidget.swift; sourceTree = "<group>"; };
		F0DF2DC92AC2298D00D66ADD /* AltitudeLockWidgetProvider.swift */ = {isa = PBXFileReference; lastKnownFileType = sourcecode.swift; path = AltitudeLockWidgetProvider.swift; sourceTree = "<group>"; };
		F0DF2DCB2AC22BBE00D66ADD /* GPS.swift */ = {isa = PBXFileReference; lastKnownFileType = sourcecode.swift; path = GPS.swift; sourceTree = "<group>"; };
		F0DF2DCD2AC22CA500D66ADD /* AltitudeLockWidgetView.swift */ = {isa = PBXFileReference; lastKnownFileType = sourcecode.swift; path = AltitudeLockWidgetView.swift; sourceTree = "<group>"; };
		F0DF2DCF2AC22DB500D66ADD /* FormatStyle.swift */ = {isa = PBXFileReference; lastKnownFileType = sourcecode.swift; path = FormatStyle.swift; sourceTree = "<group>"; };
		F0DF2DD12AC22F1400D66ADD /* Altimeter.swift */ = {isa = PBXFileReference; lastKnownFileType = sourcecode.swift; path = Altimeter.swift; sourceTree = "<group>"; };
		F0E2257829D1F4710068D00E /* altitudeExtension.appex */ = {isa = PBXFileReference; explicitFileType = "wrapper.app-extension"; includeInIndex = 0; path = altitudeExtension.appex; sourceTree = BUILT_PRODUCTS_DIR; };
		F0E2257A29D1F4710068D00E /* WidgetKit.framework */ = {isa = PBXFileReference; lastKnownFileType = wrapper.framework; name = WidgetKit.framework; path = System/Library/Frameworks/WidgetKit.framework; sourceTree = SDKROOT; };
		F0E2257C29D1F4710068D00E /* SwiftUI.framework */ = {isa = PBXFileReference; lastKnownFileType = wrapper.framework; name = SwiftUI.framework; path = System/Library/Frameworks/SwiftUI.framework; sourceTree = SDKROOT; };
		F0E2257F29D1F4710068D00E /* WidgetBundle.swift */ = {isa = PBXFileReference; lastKnownFileType = sourcecode.swift; path = WidgetBundle.swift; sourceTree = "<group>"; };
		F0E2258129D1F4710068D00E /* altitude.intentdefinition */ = {isa = PBXFileReference; lastKnownFileType = file.intentdefinition; path = altitude.intentdefinition; sourceTree = "<group>"; };
		F0E2258229D1F4730068D00E /* Assets.xcassets */ = {isa = PBXFileReference; lastKnownFileType = folder.assetcatalog; path = Assets.xcassets; sourceTree = "<group>"; };
		F0E2258429D1F4730068D00E /* Info.plist */ = {isa = PBXFileReference; lastKnownFileType = text.plist.xml; path = Info.plist; sourceTree = "<group>"; };
		F0E740E82A9FE63800AD2A72 /* AltitudeGraphProvider.swift */ = {isa = PBXFileReference; lastKnownFileType = sourcecode.swift; path = AltitudeGraphProvider.swift; sourceTree = "<group>"; };
		F0E740EB2A9FE72B00AD2A72 /* AltitudeStepEntry.swift */ = {isa = PBXFileReference; lastKnownFileType = sourcecode.swift; path = AltitudeStepEntry.swift; sourceTree = "<group>"; };
		F0E740EE2AA0FAEC00AD2A72 /* StepGraphView.swift */ = {isa = PBXFileReference; lastKnownFileType = sourcecode.swift; path = StepGraphView.swift; sourceTree = "<group>"; };
		F0E740FA2AA7CBB300AD2A72 /* Util.swift */ = {isa = PBXFileReference; lastKnownFileType = sourcecode.swift; path = Util.swift; sourceTree = "<group>"; };
		F0E740FF2AA8E2FE00AD2A72 /* MockData.swift */ = {isa = PBXFileReference; lastKnownFileType = sourcecode.swift; path = MockData.swift; sourceTree = "<group>"; };
/* End PBXFileReference section */

/* Begin PBXFrameworksBuildPhase section */
		F02398F129BD727800A0CC25 /* Frameworks */ = {
			isa = PBXFrameworksBuildPhase;
			buildActionMask = 2147483647;
			files = (
			);
			runOnlyForDeploymentPostprocessing = 0;
		};
		F023990129BD727900A0CC25 /* Frameworks */ = {
			isa = PBXFrameworksBuildPhase;
			buildActionMask = 2147483647;
			files = (
			);
			runOnlyForDeploymentPostprocessing = 0;
		};
		F023990B29BD727900A0CC25 /* Frameworks */ = {
			isa = PBXFrameworksBuildPhase;
			buildActionMask = 2147483647;
			files = (
			);
			runOnlyForDeploymentPostprocessing = 0;
		};
		F0E2257529D1F4710068D00E /* Frameworks */ = {
			isa = PBXFrameworksBuildPhase;
			buildActionMask = 2147483647;
			files = (
				F0E2257D29D1F4710068D00E /* SwiftUI.framework in Frameworks */,
				F0E2257B29D1F4710068D00E /* WidgetKit.framework in Frameworks */,
			);
			runOnlyForDeploymentPostprocessing = 0;
		};
/* End PBXFrameworksBuildPhase section */

/* Begin PBXGroup section */
		F02398EB29BD727800A0CC25 = {
			isa = PBXGroup;
			children = (
				F02398F629BD727800A0CC25 /* mtnmap */,
				F023990729BD727900A0CC25 /* mtnmapTests */,
				F023991129BD727900A0CC25 /* mtnmapUITests */,
				F0E2257E29D1F4710068D00E /* altitude */,
				F0E2257929D1F4710068D00E /* Frameworks */,
				F02398F529BD727800A0CC25 /* Products */,
			);
			sourceTree = "<group>";
		};
		F02398F529BD727800A0CC25 /* Products */ = {
			isa = PBXGroup;
			children = (
				F02398F429BD727800A0CC25 /* mtnmap.app */,
				F023990429BD727900A0CC25 /* mtnmapTests.xctest */,
				F023990E29BD727900A0CC25 /* mtnmapUITests.xctest */,
				F0E2257829D1F4710068D00E /* altitudeExtension.appex */,
			);
			name = Products;
			sourceTree = "<group>";
		};
		F02398F629BD727800A0CC25 /* mtnmap */ = {
			isa = PBXGroup;
			children = (
				F0E740EA2A9FE71200AD2A72 /* Model */,
				F04C5AF62A996C8A0010F3AE /* Info.plist */,
				F02398F729BD727800A0CC25 /* mtnmapApp.swift */,
				F02398F929BD727800A0CC25 /* ContentView.swift */,
				F02398FB29BD727900A0CC25 /* Assets.xcassets */,
				F02398FD29BD727900A0CC25 /* Preview Content */,
				F04C5AF02A9521090010F3AE /* AltitudeView.swift */,
				F04C5AF42A99466A0010F3AE /* LocationDelegate.swift */,
			);
			path = mtnmap;
			sourceTree = "<group>";
		};
		F02398FD29BD727900A0CC25 /* Preview Content */ = {
			isa = PBXGroup;
			children = (
				F02398FE29BD727900A0CC25 /* Preview Assets.xcassets */,
			);
			path = "Preview Content";
			sourceTree = "<group>";
		};
		F023990729BD727900A0CC25 /* mtnmapTests */ = {
			isa = PBXGroup;
			children = (
				F023990829BD727900A0CC25 /* mtnmapTests.swift */,
			);
			path = mtnmapTests;
			sourceTree = "<group>";
		};
		F023991129BD727900A0CC25 /* mtnmapUITests */ = {
			isa = PBXGroup;
			children = (
				F023991229BD727900A0CC25 /* mtnmapUITests.swift */,
				F023991429BD727900A0CC25 /* mtnmapUITestsLaunchTests.swift */,
			);
			path = mtnmapUITests;
			sourceTree = "<group>";
		};
		F0DF2DC22AC221DA00D66ADD /* AltitudeLockWidget */ = {
			isa = PBXGroup;
			children = (
				F0DF2DC32AC222AB00D66ADD /* AltitudeLockWidget.swift */,
				F0DF2DC92AC2298D00D66ADD /* AltitudeLockWidgetProvider.swift */,
				F0DF2DCD2AC22CA500D66ADD /* AltitudeLockWidgetView.swift */,
				F0DF2DCF2AC22DB500D66ADD /* FormatStyle.swift */,
			);
			path = AltitudeLockWidget;
			sourceTree = "<group>";
		};
		F0E2257929D1F4710068D00E /* Frameworks */ = {
			isa = PBXGroup;
			children = (
				F0E2257A29D1F4710068D00E /* WidgetKit.framework */,
				F0E2257C29D1F4710068D00E /* SwiftUI.framework */,
				F0DF2D992AABB96800D66ADD /* Intents.framework */,
				F0DF2DA42AABB96800D66ADD /* IntentsUI.framework */,
			);
			name = Frameworks;
			sourceTree = "<group>";
		};
		F0E2257E29D1F4710068D00E /* altitude */ = {
			isa = PBXGroup;
			children = (
				F0DF2DC22AC221DA00D66ADD /* AltitudeLockWidget */,
				F0E740FE2AA8E2DC00AD2A72 /* AltitudeGraphWidget */,
				F0E740FC2AA8E1E400AD2A72 /* Util */,
				F0E2257F29D1F4710068D00E /* WidgetBundle.swift */,
				F0DF2DB92AABB9D800D66ADD /* AltitudeWidgetIntent.intentdefinition */,
				F0E2258129D1F4710068D00E /* altitude.intentdefinition */,
				F0E2258229D1F4730068D00E /* Assets.xcassets */,
				F0E2258429D1F4730068D00E /* Info.plist */,
			);
			path = altitude;
			sourceTree = "<group>";
		};
		F0E740EA2A9FE71200AD2A72 /* Model */ = {
			isa = PBXGroup;
			children = (
				F0E740EB2A9FE72B00AD2A72 /* AltitudeStepEntry.swift */,
			);
			path = Model;
			sourceTree = "<group>";
		};
		F0E740F92AA7CBA200AD2A72 /* Extensions */ = {
			isa = PBXGroup;
			children = (
				F0E740FA2AA7CBB300AD2A72 /* Util.swift */,
			);
			path = Extensions;
			sourceTree = "<group>";
		};
		F0E740FC2AA8E1E400AD2A72 /* Util */ = {
			isa = PBXGroup;
			children = (
				F0E740F92AA7CBA200AD2A72 /* Extensions */,
				F0DF2DCB2AC22BBE00D66ADD /* GPS.swift */,
				F0DF2DD12AC22F1400D66ADD /* Altimeter.swift */,
			);
			path = Util;
			sourceTree = "<group>";
		};
		F0E740FE2AA8E2DC00AD2A72 /* AltitudeGraphWidget */ = {
			isa = PBXGroup;
			children = (
				F0E740E82A9FE63800AD2A72 /* AltitudeGraphProvider.swift */,
				F0E740EE2AA0FAEC00AD2A72 /* StepGraphView.swift */,
				F0E740FF2AA8E2FE00AD2A72 /* MockData.swift */,
				F0DF2DBB2AAF7DEB00D66ADD /* AltitudeRangeView.swift */,
				F0DF2DBF2AAF842500D66ADD /* AltitudeRangeViewModel.swift */,
				F0DF2DC62AC227B200D66ADD /* AltitudeGraphWidget.swift */,
			);
			path = AltitudeGraphWidget;
			sourceTree = "<group>";
		};
/* End PBXGroup section */

/* Begin PBXNativeTarget section */
		F02398F329BD727800A0CC25 /* mtnmap */ = {
			isa = PBXNativeTarget;
			buildConfigurationList = F023991829BD727900A0CC25 /* Build configuration list for PBXNativeTarget "mtnmap" */;
			buildPhases = (
				F02398F029BD727800A0CC25 /* Sources */,
				F02398F129BD727800A0CC25 /* Frameworks */,
				F02398F229BD727800A0CC25 /* Resources */,
				F0E2258A29D1F4730068D00E /* Embed Foundation Extensions */,
			);
			buildRules = (
			);
			dependencies = (
				F0E2258829D1F4730068D00E /* PBXTargetDependency */,
			);
			name = mtnmap;
			productName = mtnmap;
			productReference = F02398F429BD727800A0CC25 /* mtnmap.app */;
			productType = "com.apple.product-type.application";
		};
		F023990329BD727900A0CC25 /* mtnmapTests */ = {
			isa = PBXNativeTarget;
			buildConfigurationList = F023991B29BD727900A0CC25 /* Build configuration list for PBXNativeTarget "mtnmapTests" */;
			buildPhases = (
				F023990029BD727900A0CC25 /* Sources */,
				F023990129BD727900A0CC25 /* Frameworks */,
				F023990229BD727900A0CC25 /* Resources */,
			);
			buildRules = (
			);
			dependencies = (
				F023990629BD727900A0CC25 /* PBXTargetDependency */,
			);
			name = mtnmapTests;
			productName = mtnmapTests;
			productReference = F023990429BD727900A0CC25 /* mtnmapTests.xctest */;
			productType = "com.apple.product-type.bundle.unit-test";
		};
		F023990D29BD727900A0CC25 /* mtnmapUITests */ = {
			isa = PBXNativeTarget;
			buildConfigurationList = F023991E29BD727900A0CC25 /* Build configuration list for PBXNativeTarget "mtnmapUITests" */;
			buildPhases = (
				F023990A29BD727900A0CC25 /* Sources */,
				F023990B29BD727900A0CC25 /* Frameworks */,
				F023990C29BD727900A0CC25 /* Resources */,
			);
			buildRules = (
			);
			dependencies = (
				F023991029BD727900A0CC25 /* PBXTargetDependency */,
			);
			name = mtnmapUITests;
			productName = mtnmapUITests;
			productReference = F023990E29BD727900A0CC25 /* mtnmapUITests.xctest */;
			productType = "com.apple.product-type.bundle.ui-testing";
		};
		F0E2257729D1F4710068D00E /* altitudeExtension */ = {
			isa = PBXNativeTarget;
			buildConfigurationList = F0E2258D29D1F4730068D00E /* Build configuration list for PBXNativeTarget "altitudeExtension" */;
			buildPhases = (
				F0E2257429D1F4710068D00E /* Sources */,
				F0E2257529D1F4710068D00E /* Frameworks */,
				F0E2257629D1F4710068D00E /* Resources */,
			);
			buildRules = (
			);
			dependencies = (
			);
			name = altitudeExtension;
			productName = altitudeExtension;
			productReference = F0E2257829D1F4710068D00E /* altitudeExtension.appex */;
			productType = "com.apple.product-type.app-extension";
		};
/* End PBXNativeTarget section */

/* Begin PBXProject section */
		F02398EC29BD727800A0CC25 /* Project object */ = {
			isa = PBXProject;
			attributes = {
				BuildIndependentTargetsInParallel = 1;
				LastSwiftUpdateCheck = 1420;
				LastUpgradeCheck = 1400;
				TargetAttributes = {
					F02398F329BD727800A0CC25 = {
						CreatedOnToolsVersion = 14.0.1;
					};
					F023990329BD727900A0CC25 = {
						CreatedOnToolsVersion = 14.0.1;
						TestTargetID = F02398F329BD727800A0CC25;
					};
					F023990D29BD727900A0CC25 = {
						CreatedOnToolsVersion = 14.0.1;
						TestTargetID = F02398F329BD727800A0CC25;
					};
					F0E2257729D1F4710068D00E = {
						CreatedOnToolsVersion = 14.0.1;
					};
				};
			};
			buildConfigurationList = F02398EF29BD727800A0CC25 /* Build configuration list for PBXProject "mtnmap" */;
			compatibilityVersion = "Xcode 14.0";
			developmentRegion = en;
			hasScannedForEncodings = 0;
			knownRegions = (
				en,
				Base,
			);
			mainGroup = F02398EB29BD727800A0CC25;
			productRefGroup = F02398F529BD727800A0CC25 /* Products */;
			projectDirPath = "";
			projectRoot = "";
			targets = (
				F02398F329BD727800A0CC25 /* mtnmap */,
				F023990329BD727900A0CC25 /* mtnmapTests */,
				F023990D29BD727900A0CC25 /* mtnmapUITests */,
				F0E2257729D1F4710068D00E /* altitudeExtension */,
			);
		};
/* End PBXProject section */

/* Begin PBXResourcesBuildPhase section */
		F02398F229BD727800A0CC25 /* Resources */ = {
			isa = PBXResourcesBuildPhase;
			buildActionMask = 2147483647;
			files = (
				F02398FF29BD727900A0CC25 /* Preview Assets.xcassets in Resources */,
				F02398FC29BD727900A0CC25 /* Assets.xcassets in Resources */,
			);
			runOnlyForDeploymentPostprocessing = 0;
		};
		F023990229BD727900A0CC25 /* Resources */ = {
			isa = PBXResourcesBuildPhase;
			buildActionMask = 2147483647;
			files = (
			);
			runOnlyForDeploymentPostprocessing = 0;
		};
		F023990C29BD727900A0CC25 /* Resources */ = {
			isa = PBXResourcesBuildPhase;
			buildActionMask = 2147483647;
			files = (
			);
			runOnlyForDeploymentPostprocessing = 0;
		};
		F0E2257629D1F4710068D00E /* Resources */ = {
			isa = PBXResourcesBuildPhase;
			buildActionMask = 2147483647;
			files = (
				F0E2258329D1F4730068D00E /* Assets.xcassets in Resources */,
			);
			runOnlyForDeploymentPostprocessing = 0;
		};
/* End PBXResourcesBuildPhase section */

/* Begin PBXSourcesBuildPhase section */
		F02398F029BD727800A0CC25 /* Sources */ = {
			isa = PBXSourcesBuildPhase;
			buildActionMask = 2147483647;
			files = (
				F04C5AF12A9521090010F3AE /* AltitudeView.swift in Sources */,
				F0E741022AA8E3C900AD2A72 /* Util.swift in Sources */,
				F0E740EC2A9FE72B00AD2A72 /* AltitudeStepEntry.swift in Sources */,
				F02398FA29BD727800A0CC25 /* ContentView.swift in Sources */,
				F0E740F82AA285A500AD2A72 /* StepGraphView.swift in Sources */,
				F0E2258629D1F4730068D00E /* altitude.intentdefinition in Sources */,
				F0E741012AA8E3B000AD2A72 /* MockData.swift in Sources */,
				F0DF2DC02AAF842500D66ADD /* AltitudeRangeViewModel.swift in Sources */,
				F02398F829BD727800A0CC25 /* mtnmapApp.swift in Sources */,
				F0DF2DBD2AAF7FB000D66ADD /* AltitudeRangeView.swift in Sources */,
				F04C5AF52A99466A0010F3AE /* LocationDelegate.swift in Sources */,
			);
			runOnlyForDeploymentPostprocessing = 0;
		};
		F023990029BD727900A0CC25 /* Sources */ = {
			isa = PBXSourcesBuildPhase;
			buildActionMask = 2147483647;
			files = (
				F023990929BD727900A0CC25 /* mtnmapTests.swift in Sources */,
				F0E741032AAA389800AD2A72 /* Util.swift in Sources */,
			);
			runOnlyForDeploymentPostprocessing = 0;
		};
		F023990A29BD727900A0CC25 /* Sources */ = {
			isa = PBXSourcesBuildPhase;
			buildActionMask = 2147483647;
			files = (
				F023991329BD727900A0CC25 /* mtnmapUITests.swift in Sources */,
				F023991529BD727900A0CC25 /* mtnmapUITestsLaunchTests.swift in Sources */,
			);
			runOnlyForDeploymentPostprocessing = 0;
		};
		F0E2257429D1F4710068D00E /* Sources */ = {
			isa = PBXSourcesBuildPhase;
			buildActionMask = 2147483647;
			files = (
				F0E740F12AA249C400AD2A72 /* LocationDelegate.swift in Sources */,
				F0DF2DC52AC222AB00D66ADD /* AltitudeLockWidget.swift in Sources */,
				F0DF2DD02AC22DB500D66ADD /* FormatStyle.swift in Sources */,
				F0DF2DBA2AABB9D800D66ADD /* AltitudeWidgetIntent.intentdefinition in Sources */,
				F0E740ED2A9FE72B00AD2A72 /* AltitudeStepEntry.swift in Sources */,
				F0DF2DBC2AAF7DEB00D66ADD /* AltitudeRangeView.swift in Sources */,
				F0DF2DC12AAF842500D66ADD /* AltitudeRangeViewModel.swift in Sources */,
				F0DF2DC82AC227B200D66ADD /* AltitudeGraphWidget.swift in Sources */,
				F0E740E72A9E94BC00AD2A72 /* AltitudeView.swift in Sources */,
				F0E740FB2AA7CBB300AD2A72 /* Util.swift in Sources */,
				F0DF2DCA2AC2298D00D66ADD /* AltitudeLockWidgetProvider.swift in Sources */,
				F0E741002AA8E2FE00AD2A72 /* MockData.swift in Sources */,
				F0E2258529D1F4730068D00E /* altitude.intentdefinition in Sources */,
				F0E2258029D1F4710068D00E /* WidgetBundle.swift in Sources */,
				F0DF2DCE2AC22CA500D66ADD /* AltitudeLockWidgetView.swift in Sources */,
				F0E740E92A9FE63800AD2A72 /* AltitudeGraphProvider.swift in Sources */,
				F0DF2DCC2AC22BBE00D66ADD /* GPS.swift in Sources */,
				F0DF2DD22AC22F1400D66ADD /* Altimeter.swift in Sources */,
				F0E740F02AA0FAEC00AD2A72 /* StepGraphView.swift in Sources */,
			);
			runOnlyForDeploymentPostprocessing = 0;
		};
/* End PBXSourcesBuildPhase section */

/* Begin PBXTargetDependency section */
		F023990629BD727900A0CC25 /* PBXTargetDependency */ = {
			isa = PBXTargetDependency;
			target = F02398F329BD727800A0CC25 /* mtnmap */;
			targetProxy = F023990529BD727900A0CC25 /* PBXContainerItemProxy */;
		};
		F023991029BD727900A0CC25 /* PBXTargetDependency */ = {
			isa = PBXTargetDependency;
			target = F02398F329BD727800A0CC25 /* mtnmap */;
			targetProxy = F023990F29BD727900A0CC25 /* PBXContainerItemProxy */;
		};
		F0E2258829D1F4730068D00E /* PBXTargetDependency */ = {
			isa = PBXTargetDependency;
			target = F0E2257729D1F4710068D00E /* altitudeExtension */;
			targetProxy = F0E2258729D1F4730068D00E /* PBXContainerItemProxy */;
		};
/* End PBXTargetDependency section */

/* Begin XCBuildConfiguration section */
		F023991629BD727900A0CC25 /* Debug */ = {
			isa = XCBuildConfiguration;
			buildSettings = {
				ALWAYS_SEARCH_USER_PATHS = NO;
				CLANG_ANALYZER_NONNULL = YES;
				CLANG_ANALYZER_NUMBER_OBJECT_CONVERSION = YES_AGGRESSIVE;
				CLANG_CXX_LANGUAGE_STANDARD = "gnu++20";
				CLANG_ENABLE_MODULES = YES;
				CLANG_ENABLE_OBJC_ARC = YES;
				CLANG_ENABLE_OBJC_WEAK = YES;
				CLANG_WARN_BLOCK_CAPTURE_AUTORELEASING = YES;
				CLANG_WARN_BOOL_CONVERSION = YES;
				CLANG_WARN_COMMA = YES;
				CLANG_WARN_CONSTANT_CONVERSION = YES;
				CLANG_WARN_DEPRECATED_OBJC_IMPLEMENTATIONS = YES;
				CLANG_WARN_DIRECT_OBJC_ISA_USAGE = YES_ERROR;
				CLANG_WARN_DOCUMENTATION_COMMENTS = YES;
				CLANG_WARN_EMPTY_BODY = YES;
				CLANG_WARN_ENUM_CONVERSION = YES;
				CLANG_WARN_INFINITE_RECURSION = YES;
				CLANG_WARN_INT_CONVERSION = YES;
				CLANG_WARN_NON_LITERAL_NULL_CONVERSION = YES;
				CLANG_WARN_OBJC_IMPLICIT_RETAIN_SELF = YES;
				CLANG_WARN_OBJC_LITERAL_CONVERSION = YES;
				CLANG_WARN_OBJC_ROOT_CLASS = YES_ERROR;
				CLANG_WARN_QUOTED_INCLUDE_IN_FRAMEWORK_HEADER = YES;
				CLANG_WARN_RANGE_LOOP_ANALYSIS = YES;
				CLANG_WARN_STRICT_PROTOTYPES = YES;
				CLANG_WARN_SUSPICIOUS_MOVE = YES;
				CLANG_WARN_UNGUARDED_AVAILABILITY = YES_AGGRESSIVE;
				CLANG_WARN_UNREACHABLE_CODE = YES;
				CLANG_WARN__DUPLICATE_METHOD_MATCH = YES;
				COPY_PHASE_STRIP = NO;
				DEBUG_INFORMATION_FORMAT = dwarf;
				ENABLE_STRICT_OBJC_MSGSEND = YES;
				ENABLE_TESTABILITY = YES;
				GCC_C_LANGUAGE_STANDARD = gnu11;
				GCC_DYNAMIC_NO_PIC = NO;
				GCC_NO_COMMON_BLOCKS = YES;
				GCC_OPTIMIZATION_LEVEL = 0;
				GCC_PREPROCESSOR_DEFINITIONS = (
					"DEBUG=1",
					"$(inherited)",
				);
				GCC_WARN_64_TO_32_BIT_CONVERSION = YES;
				GCC_WARN_ABOUT_RETURN_TYPE = YES_ERROR;
				GCC_WARN_UNDECLARED_SELECTOR = YES;
				GCC_WARN_UNINITIALIZED_AUTOS = YES_AGGRESSIVE;
				GCC_WARN_UNUSED_FUNCTION = YES;
				GCC_WARN_UNUSED_VARIABLE = YES;
				IPHONEOS_DEPLOYMENT_TARGET = 16.0;
				MTL_ENABLE_DEBUG_INFO = INCLUDE_SOURCE;
				MTL_FAST_MATH = YES;
				ONLY_ACTIVE_ARCH = YES;
				SDKROOT = iphoneos;
				SWIFT_ACTIVE_COMPILATION_CONDITIONS = DEBUG;
				SWIFT_OPTIMIZATION_LEVEL = "-Onone";
			};
			name = Debug;
		};
		F023991729BD727900A0CC25 /* Release */ = {
			isa = XCBuildConfiguration;
			buildSettings = {
				ALWAYS_SEARCH_USER_PATHS = NO;
				CLANG_ANALYZER_NONNULL = YES;
				CLANG_ANALYZER_NUMBER_OBJECT_CONVERSION = YES_AGGRESSIVE;
				CLANG_CXX_LANGUAGE_STANDARD = "gnu++20";
				CLANG_ENABLE_MODULES = YES;
				CLANG_ENABLE_OBJC_ARC = YES;
				CLANG_ENABLE_OBJC_WEAK = YES;
				CLANG_WARN_BLOCK_CAPTURE_AUTORELEASING = YES;
				CLANG_WARN_BOOL_CONVERSION = YES;
				CLANG_WARN_COMMA = YES;
				CLANG_WARN_CONSTANT_CONVERSION = YES;
				CLANG_WARN_DEPRECATED_OBJC_IMPLEMENTATIONS = YES;
				CLANG_WARN_DIRECT_OBJC_ISA_USAGE = YES_ERROR;
				CLANG_WARN_DOCUMENTATION_COMMENTS = YES;
				CLANG_WARN_EMPTY_BODY = YES;
				CLANG_WARN_ENUM_CONVERSION = YES;
				CLANG_WARN_INFINITE_RECURSION = YES;
				CLANG_WARN_INT_CONVERSION = YES;
				CLANG_WARN_NON_LITERAL_NULL_CONVERSION = YES;
				CLANG_WARN_OBJC_IMPLICIT_RETAIN_SELF = YES;
				CLANG_WARN_OBJC_LITERAL_CONVERSION = YES;
				CLANG_WARN_OBJC_ROOT_CLASS = YES_ERROR;
				CLANG_WARN_QUOTED_INCLUDE_IN_FRAMEWORK_HEADER = YES;
				CLANG_WARN_RANGE_LOOP_ANALYSIS = YES;
				CLANG_WARN_STRICT_PROTOTYPES = YES;
				CLANG_WARN_SUSPICIOUS_MOVE = YES;
				CLANG_WARN_UNGUARDED_AVAILABILITY = YES_AGGRESSIVE;
				CLANG_WARN_UNREACHABLE_CODE = YES;
				CLANG_WARN__DUPLICATE_METHOD_MATCH = YES;
				COPY_PHASE_STRIP = NO;
				DEBUG_INFORMATION_FORMAT = "dwarf-with-dsym";
				ENABLE_NS_ASSERTIONS = NO;
				ENABLE_STRICT_OBJC_MSGSEND = YES;
				GCC_C_LANGUAGE_STANDARD = gnu11;
				GCC_NO_COMMON_BLOCKS = YES;
				GCC_WARN_64_TO_32_BIT_CONVERSION = YES;
				GCC_WARN_ABOUT_RETURN_TYPE = YES_ERROR;
				GCC_WARN_UNDECLARED_SELECTOR = YES;
				GCC_WARN_UNINITIALIZED_AUTOS = YES_AGGRESSIVE;
				GCC_WARN_UNUSED_FUNCTION = YES;
				GCC_WARN_UNUSED_VARIABLE = YES;
				IPHONEOS_DEPLOYMENT_TARGET = 16.0;
				MTL_ENABLE_DEBUG_INFO = NO;
				MTL_FAST_MATH = YES;
				SDKROOT = iphoneos;
				SWIFT_COMPILATION_MODE = wholemodule;
				SWIFT_OPTIMIZATION_LEVEL = "-O";
				VALIDATE_PRODUCT = YES;
			};
			name = Release;
		};
		F023991929BD727900A0CC25 /* Debug */ = {
			isa = XCBuildConfiguration;
			buildSettings = {
				ALWAYS_EMBED_SWIFT_STANDARD_LIBRARIES = YES;
				ASSETCATALOG_COMPILER_APPICON_NAME = AppIcon;
				ASSETCATALOG_COMPILER_GLOBAL_ACCENT_COLOR_NAME = AccentColor;
				CODE_SIGN_STYLE = Automatic;
				CURRENT_PROJECT_VERSION = 1;
				DEVELOPMENT_ASSET_PATHS = "\"mtnmap/Preview Content\"";
				DEVELOPMENT_TEAM = Q49KLF9VPG;
				ENABLE_PREVIEWS = YES;
				GENERATE_INFOPLIST_FILE = YES;
				INFOPLIST_FILE = mtnmap/Info.plist;
				INFOPLIST_KEY_NSLocationAlwaysAndWhenInUseUsageDescription = "GPS access is required for determining the altitude.";
				INFOPLIST_KEY_NSLocationWhenInUseUsageDescription = "GPS access is required for determining the altitude.";
				INFOPLIST_KEY_NSMotionUsageDescription = "Uses barometer sensor to determine device altitude.";
				INFOPLIST_KEY_UIApplicationSceneManifest_Generation = YES;
				INFOPLIST_KEY_UIApplicationSupportsIndirectInputEvents = YES;
				INFOPLIST_KEY_UILaunchScreen_Generation = YES;
				INFOPLIST_KEY_UISupportedInterfaceOrientations_iPad = "UIInterfaceOrientationPortrait UIInterfaceOrientationPortraitUpsideDown UIInterfaceOrientationLandscapeLeft UIInterfaceOrientationLandscapeRight";
				INFOPLIST_KEY_UISupportedInterfaceOrientations_iPhone = "UIInterfaceOrientationPortrait UIInterfaceOrientationLandscapeLeft UIInterfaceOrientationLandscapeRight";
				IPHONEOS_DEPLOYMENT_TARGET = 16.0;
				LD_RUNPATH_SEARCH_PATHS = (
					"$(inherited)",
					"@executable_path/Frameworks",
				);
				MARKETING_VERSION = 1.0;
				PRODUCT_BUNDLE_IDENTIFIER = com.goatfish.mtnmap;
				PRODUCT_NAME = "$(TARGET_NAME)";
				SWIFT_EMIT_LOC_STRINGS = YES;
				SWIFT_VERSION = 5.0;
				TARGETED_DEVICE_FAMILY = "1,2";
			};
			name = Debug;
		};
		F023991A29BD727900A0CC25 /* Release */ = {
			isa = XCBuildConfiguration;
			buildSettings = {
				ALWAYS_EMBED_SWIFT_STANDARD_LIBRARIES = YES;
				ASSETCATALOG_COMPILER_APPICON_NAME = AppIcon;
				ASSETCATALOG_COMPILER_GLOBAL_ACCENT_COLOR_NAME = AccentColor;
				CODE_SIGN_STYLE = Automatic;
				CURRENT_PROJECT_VERSION = 1;
				DEVELOPMENT_ASSET_PATHS = "\"mtnmap/Preview Content\"";
				DEVELOPMENT_TEAM = Q49KLF9VPG;
				ENABLE_PREVIEWS = YES;
				GENERATE_INFOPLIST_FILE = YES;
				INFOPLIST_FILE = mtnmap/Info.plist;
				INFOPLIST_KEY_NSLocationAlwaysAndWhenInUseUsageDescription = "GPS access is required for determining the altitude.";
				INFOPLIST_KEY_NSLocationWhenInUseUsageDescription = "GPS access is required for determining the altitude.";
				INFOPLIST_KEY_NSMotionUsageDescription = "Uses barometer sensor to determine device altitude.";
				INFOPLIST_KEY_UIApplicationSceneManifest_Generation = YES;
				INFOPLIST_KEY_UIApplicationSupportsIndirectInputEvents = YES;
				INFOPLIST_KEY_UILaunchScreen_Generation = YES;
				INFOPLIST_KEY_UISupportedInterfaceOrientations_iPad = "UIInterfaceOrientationPortrait UIInterfaceOrientationPortraitUpsideDown UIInterfaceOrientationLandscapeLeft UIInterfaceOrientationLandscapeRight";
				INFOPLIST_KEY_UISupportedInterfaceOrientations_iPhone = "UIInterfaceOrientationPortrait UIInterfaceOrientationLandscapeLeft UIInterfaceOrientationLandscapeRight";
				IPHONEOS_DEPLOYMENT_TARGET = 16.0;
				LD_RUNPATH_SEARCH_PATHS = (
					"$(inherited)",
					"@executable_path/Frameworks",
				);
				MARKETING_VERSION = 1.0;
				PRODUCT_BUNDLE_IDENTIFIER = com.goatfish.mtnmap;
				PRODUCT_NAME = "$(TARGET_NAME)";
				SWIFT_EMIT_LOC_STRINGS = YES;
				SWIFT_VERSION = 5.0;
				TARGETED_DEVICE_FAMILY = "1,2";
			};
			name = Release;
		};
		F023991C29BD727900A0CC25 /* Debug */ = {
			isa = XCBuildConfiguration;
			buildSettings = {
				ALWAYS_EMBED_SWIFT_STANDARD_LIBRARIES = YES;
				BUNDLE_LOADER = "$(TEST_HOST)";
				CODE_SIGN_STYLE = Automatic;
				CURRENT_PROJECT_VERSION = 1;
				DEVELOPMENT_TEAM = Q49KLF9VPG;
				GENERATE_INFOPLIST_FILE = YES;
				IPHONEOS_DEPLOYMENT_TARGET = 16.0;
				MARKETING_VERSION = 1.0;
				PRODUCT_BUNDLE_IDENTIFIER = com.goatfish.mtnmapTests;
				PRODUCT_NAME = "$(TARGET_NAME)";
				SWIFT_EMIT_LOC_STRINGS = NO;
				SWIFT_VERSION = 5.0;
				TARGETED_DEVICE_FAMILY = "1,2";
				TEST_HOST = "$(BUILT_PRODUCTS_DIR)/mtnmap.app/$(BUNDLE_EXECUTABLE_FOLDER_PATH)/mtnmap";
			};
			name = Debug;
		};
		F023991D29BD727900A0CC25 /* Release */ = {
			isa = XCBuildConfiguration;
			buildSettings = {
				ALWAYS_EMBED_SWIFT_STANDARD_LIBRARIES = YES;
				BUNDLE_LOADER = "$(TEST_HOST)";
				CODE_SIGN_STYLE = Automatic;
				CURRENT_PROJECT_VERSION = 1;
				DEVELOPMENT_TEAM = Q49KLF9VPG;
				GENERATE_INFOPLIST_FILE = YES;
				IPHONEOS_DEPLOYMENT_TARGET = 16.0;
				MARKETING_VERSION = 1.0;
				PRODUCT_BUNDLE_IDENTIFIER = com.goatfish.mtnmapTests;
				PRODUCT_NAME = "$(TARGET_NAME)";
				SWIFT_EMIT_LOC_STRINGS = NO;
				SWIFT_VERSION = 5.0;
				TARGETED_DEVICE_FAMILY = "1,2";
				TEST_HOST = "$(BUILT_PRODUCTS_DIR)/mtnmap.app/$(BUNDLE_EXECUTABLE_FOLDER_PATH)/mtnmap";
			};
			name = Release;
		};
		F023991F29BD727900A0CC25 /* Debug */ = {
			isa = XCBuildConfiguration;
			buildSettings = {
				ALWAYS_EMBED_SWIFT_STANDARD_LIBRARIES = YES;
				CODE_SIGN_STYLE = Automatic;
				CURRENT_PROJECT_VERSION = 1;
				DEVELOPMENT_TEAM = Q49KLF9VPG;
				GENERATE_INFOPLIST_FILE = YES;
				MARKETING_VERSION = 1.0;
				PRODUCT_BUNDLE_IDENTIFIER = com.goatfish.mtnmapUITests;
				PRODUCT_NAME = "$(TARGET_NAME)";
				SWIFT_EMIT_LOC_STRINGS = NO;
				SWIFT_VERSION = 5.0;
				TARGETED_DEVICE_FAMILY = "1,2";
				TEST_TARGET_NAME = mtnmap;
			};
			name = Debug;
		};
		F023992029BD727900A0CC25 /* Release */ = {
			isa = XCBuildConfiguration;
			buildSettings = {
				ALWAYS_EMBED_SWIFT_STANDARD_LIBRARIES = YES;
				CODE_SIGN_STYLE = Automatic;
				CURRENT_PROJECT_VERSION = 1;
				DEVELOPMENT_TEAM = Q49KLF9VPG;
				GENERATE_INFOPLIST_FILE = YES;
				MARKETING_VERSION = 1.0;
				PRODUCT_BUNDLE_IDENTIFIER = com.goatfish.mtnmapUITests;
				PRODUCT_NAME = "$(TARGET_NAME)";
				SWIFT_EMIT_LOC_STRINGS = NO;
				SWIFT_VERSION = 5.0;
				TARGETED_DEVICE_FAMILY = "1,2";
				TEST_TARGET_NAME = mtnmap;
			};
			name = Release;
		};
		F0E2258B29D1F4730068D00E /* Debug */ = {
			isa = XCBuildConfiguration;
			buildSettings = {
				ASSETCATALOG_COMPILER_GLOBAL_ACCENT_COLOR_NAME = AccentColor;
				ASSETCATALOG_COMPILER_WIDGET_BACKGROUND_COLOR_NAME = WidgetBackground;
				CODE_SIGN_STYLE = Automatic;
				CURRENT_PROJECT_VERSION = 1;
				DEVELOPMENT_TEAM = Q49KLF9VPG;
				GENERATE_INFOPLIST_FILE = YES;
				INFOPLIST_FILE = altitude/Info.plist;
				INFOPLIST_KEY_CFBundleDisplayName = altitude;
				INFOPLIST_KEY_NSHumanReadableCopyright = "";
				LD_RUNPATH_SEARCH_PATHS = (
					"$(inherited)",
					"@executable_path/Frameworks",
					"@executable_path/../../Frameworks",
				);
				MARKETING_VERSION = 1.0;
				PRODUCT_BUNDLE_IDENTIFIER = com.goatfish.mtnmap.altitude;
				PRODUCT_NAME = "$(TARGET_NAME)";
				SKIP_INSTALL = YES;
				SWIFT_EMIT_LOC_STRINGS = YES;
				SWIFT_VERSION = 5.0;
				TARGETED_DEVICE_FAMILY = "1,2";
			};
			name = Debug;
		};
		F0E2258C29D1F4730068D00E /* Release */ = {
			isa = XCBuildConfiguration;
			buildSettings = {
				ASSETCATALOG_COMPILER_GLOBAL_ACCENT_COLOR_NAME = AccentColor;
				ASSETCATALOG_COMPILER_WIDGET_BACKGROUND_COLOR_NAME = WidgetBackground;
				CODE_SIGN_STYLE = Automatic;
				CURRENT_PROJECT_VERSION = 1;
				DEVELOPMENT_TEAM = Q49KLF9VPG;
				GENERATE_INFOPLIST_FILE = YES;
				INFOPLIST_FILE = altitude/Info.plist;
				INFOPLIST_KEY_CFBundleDisplayName = altitude;
				INFOPLIST_KEY_NSHumanReadableCopyright = "";
				LD_RUNPATH_SEARCH_PATHS = (
					"$(inherited)",
					"@executable_path/Frameworks",
					"@executable_path/../../Frameworks",
				);
				MARKETING_VERSION = 1.0;
				PRODUCT_BUNDLE_IDENTIFIER = com.goatfish.mtnmap.altitude;
				PRODUCT_NAME = "$(TARGET_NAME)";
				SKIP_INSTALL = YES;
				SWIFT_EMIT_LOC_STRINGS = YES;
				SWIFT_VERSION = 5.0;
				TARGETED_DEVICE_FAMILY = "1,2";
			};
			name = Release;
		};
/* End XCBuildConfiguration section */

/* Begin XCConfigurationList section */
		F02398EF29BD727800A0CC25 /* Build configuration list for PBXProject "mtnmap" */ = {
			isa = XCConfigurationList;
			buildConfigurations = (
				F023991629BD727900A0CC25 /* Debug */,
				F023991729BD727900A0CC25 /* Release */,
			);
			defaultConfigurationIsVisible = 0;
			defaultConfigurationName = Release;
		};
		F023991829BD727900A0CC25 /* Build configuration list for PBXNativeTarget "mtnmap" */ = {
			isa = XCConfigurationList;
			buildConfigurations = (
				F023991929BD727900A0CC25 /* Debug */,
				F023991A29BD727900A0CC25 /* Release */,
			);
			defaultConfigurationIsVisible = 0;
			defaultConfigurationName = Release;
		};
		F023991B29BD727900A0CC25 /* Build configuration list for PBXNativeTarget "mtnmapTests" */ = {
			isa = XCConfigurationList;
			buildConfigurations = (
				F023991C29BD727900A0CC25 /* Debug */,
				F023991D29BD727900A0CC25 /* Release */,
			);
			defaultConfigurationIsVisible = 0;
			defaultConfigurationName = Release;
		};
		F023991E29BD727900A0CC25 /* Build configuration list for PBXNativeTarget "mtnmapUITests" */ = {
			isa = XCConfigurationList;
			buildConfigurations = (
				F023991F29BD727900A0CC25 /* Debug */,
				F023992029BD727900A0CC25 /* Release */,
			);
			defaultConfigurationIsVisible = 0;
			defaultConfigurationName = Release;
		};
		F0E2258D29D1F4730068D00E /* Build configuration list for PBXNativeTarget "altitudeExtension" */ = {
			isa = XCConfigurationList;
			buildConfigurations = (
				F0E2258B29D1F4730068D00E /* Debug */,
				F0E2258C29D1F4730068D00E /* Release */,
			);
			defaultConfigurationIsVisible = 0;
			defaultConfigurationName = Release;
		};
/* End XCConfigurationList section */
	};
	rootObject = F02398EC29BD727800A0CC25 /* Project object */;
}
